
Microsoft Visual Studio Solution File, Format Version 12.00
# Visual Studio Version 17
VisualStudioVersion = 17.0.31903.59
MinimumVisualStudioVersion = 10.0.40219.1
Project("{2150E333-8FDC-42A3-9474-1A3956D46DE8}") = "src", "src", "{827E0CD3-B72D-47B6-A68D-7590B98EB39B}"
EndProject
Project("{FAE04EC0-301F-11D3-BF4B-00C04F79EFBC}") = "VAdapter.Core", "src\VAdapter.Core\VAdapter.Core.csproj", "{75629E5B-EC13-4246-A26D-B4380FA98F7C}"
EndProject
Project("{FAE04EC0-301F-11D3-BF4B-00C04F79EFBC}") = "VAdapter.Automation", "src\VAdapter.Automation\VAdapter.Automation.csproj", "{28B978D4-7B9A-4CF8-939E-A7710E85E150}"
EndProject
Project("{FAE04EC0-301F-11D3-BF4B-00C04F79EFBC}") = "VAdapter.App", "src\VAdapter.App\VAdapter.App.csproj", "{3819D846-FEFC-433E-9E80-0271FB9E9E09}"
EndProject
Project("{2150E333-8FDC-42A3-9474-1A3956D46DE8}") = "tests", "tests", "{0AB3BF05-4346-4AA6-1389-037BE0695223}"
EndProject
Project("{FAE04EC0-301F-11D3-BF4B-00C04F79EFBC}") = "VAdapter.Core.Tests", "tests\VAdapter.Core.Tests\VAdapter.Core.Tests.csproj", "{2CA0D403-00F9-4A9D-9AAF-BE07B697736C}"
EndProject
Global
	GlobalSection(SolutionConfigurationPlatforms) = preSolution
		Debug|Any CPU = Debug|Any CPU
		Debug|x64 = Debug|x64
		Debug|x86 = Debug|x86
		Release|Any CPU = Release|Any CPU
		Release|x64 = Release|x64
		Release|x86 = Release|x86
	EndGlobalSection
	GlobalSection(ProjectConfigurationPlatforms) = postSolution
		{75629E5B-EC13-4246-A26D-B4380FA98F7C}.Debug|Any CPU.ActiveCfg = Debug|Any CPU
		{75629E5B-EC13-4246-A26D-B4380FA98F7C}.Debug|Any CPU.Build.0 = Debug|Any CPU
		{75629E5B-EC13-4246-A26D-B4380FA98F7C}.Debug|x64.ActiveCfg = Debug|Any CPU
		{75629E5B-EC13-4246-A26D-B4380FA98F7C}.Debug|x64.Build.0 = Debug|Any CPU
		{75629E5B-EC13-4246-A26D-B4380FA98F7C}.Debug|x86.ActiveCfg = Debug|Any CPU
		{75629E5B-EC13-4246-A26D-B4380FA98F7C}.Debug|x86.Build.0 = Debug|Any CPU
		{75629E5B-EC13-4246-A26D-B4380FA98F7C}.Release|Any CPU.ActiveCfg = Release|Any CPU
		{75629E5B-EC13-4246-A26D-B4380FA98F7C}.Release|Any CPU.Build.0 = Release|Any CPU
		{75629E5B-EC13-4246-A26D-B4380FA98F7C}.Release|x64.ActiveCfg = Release|Any CPU
		{75629E5B-EC13-4246-A26D-B4380FA98F7C}.Release|x64.Build.0 = Release|Any CPU
		{75629E5B-EC13-4246-A26D-B4380FA98F7C}.Release|x86.ActiveCfg = Release|Any CPU
		{75629E5B-EC13-4246-A26D-B4380FA98F7C}.Release|x86.Build.0 = Release|Any CPU
		{28B978D4-7B9A-4CF8-939E-A7710E85E150}.Debug|Any CPU.ActiveCfg = Debug|Any CPU
		{28B978D4-7B9A-4CF8-939E-A7710E85E150}.Debug|Any CPU.Build.0 = Debug|Any CPU
		{28B978D4-7B9A-4CF8-939E-A7710E85E150}.Debug|x64.ActiveCfg = Debug|Any CPU
		{28B978D4-7B9A-4CF8-939E-A7710E85E150}.Debug|x64.Build.0 = Debug|Any CPU
		{28B978D4-7B9A-4CF8-939E-A7710E85E150}.Debug|x86.ActiveCfg = Debug|Any CPU
		{28B978D4-7B9A-4CF8-939E-A7710E85E150}.Debug|x86.Build.0 = Debug|Any CPU
		{28B978D4-7B9A-4CF8-939E-A7710E85E150}.Release|Any CPU.ActiveCfg = Release|Any CPU
		{28B978D4-7B9A-4CF8-939E-A7710E85E150}.Release|Any CPU.Build.0 = Release|Any CPU
		{28B978D4-7B9A-4CF8-939E-A7710E85E150}.Release|x64.ActiveCfg = Release|Any CPU
		{28B978D4-7B9A-4CF8-939E-A7710E85E150}.Release|x64.Build.0 = Release|Any CPU
		{28B978D4-7B9A-4CF8-939E-A7710E85E150}.Release|x86.ActiveCfg = Release|Any CPU
		{28B978D4-7B9A-4CF8-939E-A7710E85E150}.Release|x86.Build.0 = Release|Any CPU
		{3819D846-FEFC-433E-9E80-0271FB9E9E09}.Debug|Any CPU.ActiveCfg = Debug|Any CPU
		{3819D846-FEFC-433E-9E80-0271FB9E9E09}.Debug|Any CPU.Build.0 = Debug|Any CPU
		{3819D846-FEFC-433E-9E80-0271FB9E9E09}.Debug|x64.ActiveCfg = Debug|Any CPU
		{3819D846-FEFC-433E-9E80-0271FB9E9E09}.Debug|x64.Build.0 = Debug|Any CPU
		{3819D846-FEFC-433E-9E80-0271FB9E9E09}.Debug|x86.ActiveCfg = Debug|Any CPU
		{3819D846-FEFC-433E-9E80-0271FB9E9E09}.Debug|x86.Build.0 = Debug|Any CPU
		{3819D846-FEFC-433E-9E80-0271FB9E9E09}.Release|Any CPU.ActiveCfg = Release|Any CPU
		{3819D846-FEFC-433E-9E80-0271FB9E9E09}.Release|Any CPU.Build.0 = Release|Any CPU
		{3819D846-FEFC-433E-9E80-0271FB9E9E09}.Release|x64.ActiveCfg = Release|Any CPU
		{3819D846-FEFC-433E-9E80-0271FB9E9E09}.Release|x64.Build.0 = Release|Any CPU
		{3819D846-FEFC-433E-9E80-0271FB9E9E09}.Release|x86.ActiveCfg = Release|Any CPU
		{3819D846-FEFC-433E-9E80-0271FB9E9E09}.Release|x86.Build.0 = Release|Any CPU
		{2CA0D403-00F9-4A9D-9AAF-BE07B697736C}.Debug|Any CPU.ActiveCfg = Debug|Any CPU
		{2CA0D403-00F9-4A9D-9AAF-BE07B697736C}.Debug|Any CPU.Build.0 = Debug|Any CPU
		{2CA0D403-00F9-4A9D-9AAF-BE07B697736C}.Debug|x64.ActiveCfg = Debug|Any CPU
		{2CA0D403-00F9-4A9D-9AAF-BE07B697736C}.Debug|x64.Build.0 = Debug|Any CPU
		{2CA0D403-00F9-4A9D-9AAF-BE07B697736C}.Debug|x86.ActiveCfg = Debug|Any CPU
		{2CA0D403-00F9-4A9D-9AAF-BE07B697736C}.Debug|x86.Build.0 = Debug|Any CPU
		{2CA0D403-00F9-4A9D-9AAF-BE07B697736C}.Release|Any CPU.ActiveCfg = Release|Any CPU
		{2CA0D403-00F9-4A9D-9AAF-BE07B697736C}.Release|Any CPU.Build.0 = Release|Any CPU
		{2CA0D403-00F9-4A9D-9AAF-BE07B697736C}.Release|x64.ActiveCfg = Release|Any CPU
		{2CA0D403-00F9-4A9D-9AAF-BE07B697736C}.Release|x64.Build.0 = Release|Any CPU
		{2CA0D403-00F9-4A9D-9AAF-BE07B697736C}.Release|x86.ActiveCfg = Release|Any CPU
		{2CA0D403-00F9-4A9D-9AAF-BE07B697736C}.Release|x86.Build.0 = Release|Any CPU
	EndGlobalSection
	GlobalSection(SolutionProperties) = preSolution
		HideSolutionNode = FALSE
	EndGlobalSection
	GlobalSection(NestedProjects) = preSolution
		{75629E5B-EC13-4246-A26D-B4380FA98F7C} = {827E0CD3-B72D-47B6-A68D-7590B98EB39B}
		{28B978D4-7B9A-4CF8-939E-A7710E85E150} = {827E0CD3-B72D-47B6-A68D-7590B98EB39B}
		{3819D846-FEFC-433E-9E80-0271FB9E9E09} = {827E0CD3-B72D-47B6-A68D-7590B98EB39B}
		{2CA0D403-00F9-4A9D-9AAF-BE07B697736C} = {0AB3BF05-4346-4AA6-1389-037BE0695223}
	EndGlobalSection
EndGlobal
